
Microsoft Visual Studio Solution File, Format Version 12.00
# Visual Studio Version 16
VisualStudioVersion = 16.0.29609.76
MinimumVisualStudioVersion = 10.0.40219.1
Project("{9A19103F-16F7-4668-BE54-9A1E7A4F7556}") = "CopyDatabase", "CopyDatabase.csproj", "{E9531BF0-F91F-414E-B19B-82DE6500A2FC}"
EndProject
Project("{2150E333-8FDC-42A3-9474-1A3956D46DE8}") = "BetterCode", "BetterCode", "{FED15082-96C5-4473-A7AF-F7AB7CE453B6}"
	ProjectSection(SolutionItems) = preProject
		.bettercodehub.yml = .bettercodehub.yml
		.gitattributes = .gitattributes
		.gitignore = .gitignore
	EndProjectSection
EndProject
Project("{FAE04EC0-301F-11D3-BF4B-00C04F79EFBC}") = "CopyDatabaseTests", "CopyDatabaseTests\CopyDatabaseTests.csproj", "{FC1E3829-4A8C-46CD-9C7E-1BE22CD72351}"
EndProject
Project("{2150E333-8FDC-42A3-9474-1A3956D46DE8}") = "Solution Items", "Solution Items", "{D53DF94F-4D45-416C-88B0-AF4353F03E34}"
	ProjectSection(SolutionItems) = preProject
		.gitignore = .gitignore
		README.md = README.md
	EndProjectSection
EndProject
Global
	GlobalSection(SolutionConfigurationPlatforms) = preSolution
		Debug|Any CPU = Debug|Any CPU
		Release|Any CPU = Release|Any CPU
	EndGlobalSection
	GlobalSection(ProjectConfigurationPlatforms) = postSolution
		{E9531BF0-F91F-414E-B19B-82DE6500A2FC}.Debug|Any CPU.ActiveCfg = Debug|Any CPU
		{E9531BF0-F91F-414E-B19B-82DE6500A2FC}.Debug|Any CPU.Build.0 = Debug|Any CPU
		{E9531BF0-F91F-414E-B19B-82DE6500A2FC}.Release|Any CPU.ActiveCfg = Release|Any CPU
		{E9531BF0-F91F-414E-B19B-82DE6500A2FC}.Release|Any CPU.Build.0 = Release|Any CPU
		{FC1E3829-4A8C-46CD-9C7E-1BE22CD72351}.Debug|Any CPU.ActiveCfg = Debug|Any CPU
		{FC1E3829-4A8C-46CD-9C7E-1BE22CD72351}.Debug|Any CPU.Build.0 = Debug|Any CPU
		{FC1E3829-4A8C-46CD-9C7E-1BE22CD72351}.Release|Any CPU.ActiveCfg = Release|Any CPU
		{FC1E3829-4A8C-46CD-9C7E-1BE22CD72351}.Release|Any CPU.Build.0 = Release|Any CPU
	EndGlobalSection
	GlobalSection(SolutionProperties) = preSolution
		HideSolutionNode = FALSE
	EndGlobalSection
	GlobalSection(ExtensibilityGlobals) = postSolution
		SolutionGuid = {7BAEAAB7-CC7D-4E04-B295-C87155788EAF}
	EndGlobalSection
EndGlobal
